
Microsoft Visual Studio Solution File, Format Version 12.00
# Visual Studio Version 17
VisualStudioVersion = 17.0.31903.59
MinimumVisualStudioVersion = 10.0.40219.1
Project("{FAE04EC0-301F-11D3-BF4B-00C04F79EFBC}") = "hello-dotnet", "hello-dotnet\hello-dotnet.csproj", "{B0AD795C-9630-45DB-97C7-003FFEF46C16}"
EndProject
Project("{FAE04EC0-301F-11D3-BF4B-00C04F79EFBC}") = "hello-dotnet.tests", "hello-dotnet.tests\hello-dotnet.tests.csproj", "{EB6F2EA4-7CB3-45A2-AADF-EC78072D0B28}"
EndProject
Global
	GlobalSection(SolutionConfigurationPlatforms) = preSolution
		Debug|Any CPU = Debug|Any CPU
		Release|Any CPU = Release|Any CPU
	EndGlobalSection
	GlobalSection(SolutionProperties) = preSolution
		HideSolutionNode = FALSE
	EndGlobalSection
	GlobalSection(ProjectConfigurationPlatforms) = postSolution
		{B0AD795C-9630-45DB-97C7-003FFEF46C16}.Debug|Any CPU.ActiveCfg = Debug|Any CPU
		{B0AD795C-9630-45DB-97C7-003FFEF46C16}.Debug|Any CPU.Build.0 = Debug|Any CPU
		{B0AD795C-9630-45DB-97C7-003FFEF46C16}.Release|Any CPU.ActiveCfg = Release|Any CPU
		{B0AD795C-9630-45DB-97C7-003FFEF46C16}.Release|Any CPU.Build.0 = Release|Any CPU
		{EB6F2EA4-7CB3-45A2-AADF-EC78072D0B28}.Debug|Any CPU.ActiveCfg = Debug|Any CPU
		{EB6F2EA4-7CB3-45A2-AADF-EC78072D0B28}.Debug|Any CPU.Build.0 = Debug|Any CPU
		{EB6F2EA4-7CB3-45A2-AADF-EC78072D0B28}.Release|Any CPU.ActiveCfg = Release|Any CPU
		{EB6F2EA4-7CB3-45A2-AADF-EC78072D0B28}.Release|Any CPU.Build.0 = Release|Any CPU
	EndGlobalSection
EndGlobal
